
Microsoft Visual Studio Solution File, Format Version 12.00
# Visual Studio Version 17
VisualStudioVersion = 17.11.35303.130
MinimumVisualStudioVersion = 10.0.40219.1
Project("{888888A0-9F3D-457C-B088-3A5042F75D52}") = "fastapi-template-dev", "fastapi-template-dev.pyproj", "{5FE5D392-C6B0-4CEF-964E-8A82B87E91F8}"
EndProject
Project("{2150E333-8FDC-42A3-9474-1A3956D46DE8}") = "Solution Items", "Solution Items", "{AF521F37-5C81-4FA4-8D36-E8256D34FC74}"
	ProjectSection(SolutionItems) = preProject
		.gitignore = .gitignore
	EndProjectSection
EndProject
Global
	GlobalSection(SolutionConfigurationPlatforms) = preSolution
		Debug|Any CPU = Debug|Any CPU
		Release|Any CPU = Release|Any CPU
	EndGlobalSection
	GlobalSection(ProjectConfigurationPlatforms) = postSolution
		{5FE5D392-C6B0-4CEF-964E-8A82B87E91F8}.Debug|Any CPU.ActiveCfg = Debug|Any CPU
		{5FE5D392-C6B0-4CEF-964E-8A82B87E91F8}.Release|Any CPU.ActiveCfg = Release|Any CPU
	EndGlobalSection
	GlobalSection(SolutionProperties) = preSolution
		HideSolutionNode = FALSE
	EndGlobalSection
	GlobalSection(ExtensibilityGlobals) = postSolution
		SolutionGuid = {E844235E-341E-4FAE-9486-9A0D811559CF}
	EndGlobalSection
EndGlobal
